// !$*UTF8*$!
{
	archiveVersion = 1;
	classes = {
	};
	objectVersion = 48;
	objects = {

/* Begin PBXBuildFile section */
		CD6F03C22038D069008422B9 /* AppDelegate.swift in Sources */ = {isa = PBXBuildFile; fileRef = CD6F03C12038D069008422B9 /* AppDelegate.swift */; };
		CD6F03C92038D069008422B9 /* Main.storyboard in Resources */ = {isa = PBXBuildFile; fileRef = CD6F03C72038D069008422B9 /* Main.storyboard */; };
		CD6F03CB2038D069008422B9 /* Assets.xcassets in Resources */ = {isa = PBXBuildFile; fileRef = CD6F03CA2038D069008422B9 /* Assets.xcassets */; };
		CD6F03CE2038D069008422B9 /* LaunchScreen.storyboard in Resources */ = {isa = PBXBuildFile; fileRef = CD6F03CC2038D069008422B9 /* LaunchScreen.storyboard */; };
		CD9F39F7203AB59F00C4FF21 /* GoogleService-Info.plist in Resources */ = {isa = PBXBuildFile; fileRef = CD9F39F6203AB59F00C4FF21 /* GoogleService-Info.plist */; };
		CD9F39F9203BCCAE00C4FF21 /* SettingsViewController.swift in Sources */ = {isa = PBXBuildFile; fileRef = CD9F39F8203BCCAE00C4FF21 /* SettingsViewController.swift */; };
		CD9F39FB203C007900C4FF21 /* RefreshView.xib in Resources */ = {isa = PBXBuildFile; fileRef = CD9F39FA203C007900C4FF21 /* RefreshView.xib */; };
		CD9F39FE203E92D300C4FF21 /* SettingsTableViewController.swift in Sources */ = {isa = PBXBuildFile; fileRef = CD9F39FD203E92D300C4FF21 /* SettingsTableViewController.swift */; };
		CD9F3A00203E9AE100C4FF21 /* SignUpViewController.swift in Sources */ = {isa = PBXBuildFile; fileRef = CD9F39FF203E9AE100C4FF21 /* SignUpViewController.swift */; };
		CDD970E82038D9AC00C951A5 /* GoalTableViewController.swift in Sources */ = {isa = PBXBuildFile; fileRef = CDD970E72038D9AC00C951A5 /* GoalTableViewController.swift */; };
		CDD970EA2038DA6800C951A5 /* Goal.swift in Sources */ = {isa = PBXBuildFile; fileRef = CDD970E92038DA6800C951A5 /* Goal.swift */; };
		CDD970F02038DD4400C951A5 /* GoalService.swift in Sources */ = {isa = PBXBuildFile; fileRef = CDD970EF2038DD4400C951A5 /* GoalService.swift */; };
		CDD970F2203A42E300C951A5 /* CreateGoalViewController.swift in Sources */ = {isa = PBXBuildFile; fileRef = CDD970F1203A42E300C951A5 /* CreateGoalViewController.swift */; };
		CDD970F4203A5FFF00C951A5 /* AlertViewController.swift in Sources */ = {isa = PBXBuildFile; fileRef = CDD970F3203A5FFF00C951A5 /* AlertViewController.swift */; };
		CDD970F6203A8E7700C951A5 /* Utilities.swift in Sources */ = {isa = PBXBuildFile; fileRef = CDD970F5203A8E7700C951A5 /* Utilities.swift */; };
		CDD970F8203A94FF00C951A5 /* SignInViewController.swift in Sources */ = {isa = PBXBuildFile; fileRef = CDD970F7203A94FE00C951A5 /* SignInViewController.swift */; };
		CDD970FA203A96BD00C951A5 /* AuthenticationService.swift in Sources */ = {isa = PBXBuildFile; fileRef = CDD970F9203A96BD00C951A5 /* AuthenticationService.swift */; };
		CFB81FD38F22C9650186882D /* Pods_Goal_Tracker.framework in Frameworks */ = {isa = PBXBuildFile; fileRef = F9AC15354E1E3365E9BCF94D /* Pods_Goal_Tracker.framework */; };
/* End PBXBuildFile section */

/* Begin PBXFileReference section */
		49D246933473469A2A7A2214 /* Pods-Goal Tracker.debug.xcconfig */ = {isa = PBXFileReference; includeInIndex = 1; lastKnownFileType = text.xcconfig; name = "Pods-Goal Tracker.debug.xcconfig"; path = "Pods/Target Support Files/Pods-Goal Tracker/Pods-Goal Tracker.debug.xcconfig"; sourceTree = "<group>"; };
		653C89479FB98FC8CED3840D /* Pods-Goal Tracker.release.xcconfig */ = {isa = PBXFileReference; includeInIndex = 1; lastKnownFileType = text.xcconfig; name = "Pods-Goal Tracker.release.xcconfig"; path = "Pods/Target Support Files/Pods-Goal Tracker/Pods-Goal Tracker.release.xcconfig"; sourceTree = "<group>"; };
		CD6F03BE2038D069008422B9 /* Goal Tracker.app */ = {isa = PBXFileReference; explicitFileType = wrapper.application; includeInIndex = 0; path = "Goal Tracker.app"; sourceTree = BUILT_PRODUCTS_DIR; };
		CD6F03C12038D069008422B9 /* AppDelegate.swift */ = {isa = PBXFileReference; lastKnownFileType = sourcecode.swift; path = AppDelegate.swift; sourceTree = "<group>"; };
		CD6F03C82038D069008422B9 /* Base */ = {isa = PBXFileReference; lastKnownFileType = file.storyboard; name = Base; path = Base.lproj/Main.storyboard; sourceTree = "<group>"; };
		CD6F03CA2038D069008422B9 /* Assets.xcassets */ = {isa = PBXFileReference; lastKnownFileType = folder.assetcatalog; path = Assets.xcassets; sourceTree = "<group>"; };
		CD6F03CD2038D069008422B9 /* Base */ = {isa = PBXFileReference; lastKnownFileType = file.storyboard; name = Base; path = Base.lproj/LaunchScreen.storyboard; sourceTree = "<group>"; };
		CD6F03CF2038D069008422B9 /* Info.plist */ = {isa = PBXFileReference; lastKnownFileType = text.plist.xml; path = Info.plist; sourceTree = "<group>"; };
		CD9F39F6203AB59F00C4FF21 /* GoogleService-Info.plist */ = {isa = PBXFileReference; fileEncoding = 4; lastKnownFileType = text.plist.xml; path = "GoogleService-Info.plist"; sourceTree = "<group>"; };
		CD9F39F8203BCCAE00C4FF21 /* SettingsViewController.swift */ = {isa = PBXFileReference; lastKnownFileType = sourcecode.swift; path = SettingsViewController.swift; sourceTree = "<group>"; };
		CD9F39FA203C007900C4FF21 /* RefreshView.xib */ = {isa = PBXFileReference; lastKnownFileType = file.xib; path = RefreshView.xib; sourceTree = "<group>"; };
		CD9F39FD203E92D300C4FF21 /* SettingsTableViewController.swift */ = {isa = PBXFileReference; lastKnownFileType = sourcecode.swift; path = SettingsTableViewController.swift; sourceTree = "<group>"; };
		CD9F39FF203E9AE100C4FF21 /* SignUpViewController.swift */ = {isa = PBXFileReference; lastKnownFileType = sourcecode.swift; path = SignUpViewController.swift; sourceTree = "<group>"; };
		CDD970E72038D9AC00C951A5 /* GoalTableViewController.swift */ = {isa = PBXFileReference; lastKnownFileType = sourcecode.swift; path = GoalTableViewController.swift; sourceTree = "<group>"; };
		CDD970E92038DA6800C951A5 /* Goal.swift */ = {isa = PBXFileReference; lastKnownFileType = sourcecode.swift; path = Goal.swift; sourceTree = "<group>"; };
		CDD970EF2038DD4400C951A5 /* GoalService.swift */ = {isa = PBXFileReference; lastKnownFileType = sourcecode.swift; path = GoalService.swift; sourceTree = "<group>"; };
		CDD970F1203A42E300C951A5 /* CreateGoalViewController.swift */ = {isa = PBXFileReference; lastKnownFileType = sourcecode.swift; path = CreateGoalViewController.swift; sourceTree = "<group>"; };
		CDD970F3203A5FFF00C951A5 /* AlertViewController.swift */ = {isa = PBXFileReference; lastKnownFileType = sourcecode.swift; path = AlertViewController.swift; sourceTree = "<group>"; };
		CDD970F5203A8E7700C951A5 /* Utilities.swift */ = {isa = PBXFileReference; lastKnownFileType = sourcecode.swift; path = Utilities.swift; sourceTree = "<group>"; };
		CDD970F7203A94FE00C951A5 /* SignInViewController.swift */ = {isa = PBXFileReference; lastKnownFileType = sourcecode.swift; path = SignInViewController.swift; sourceTree = "<group>"; };
		CDD970F9203A96BD00C951A5 /* AuthenticationService.swift */ = {isa = PBXFileReference; lastKnownFileType = sourcecode.swift; path = AuthenticationService.swift; sourceTree = "<group>"; };
		F9AC15354E1E3365E9BCF94D /* Pods_Goal_Tracker.framework */ = {isa = PBXFileReference; explicitFileType = wrapper.framework; includeInIndex = 0; path = Pods_Goal_Tracker.framework; sourceTree = BUILT_PRODUCTS_DIR; };
/* End PBXFileReference section */

/* Begin PBXFrameworksBuildPhase section */
		CD6F03BB2038D069008422B9 /* Frameworks */ = {
			isa = PBXFrameworksBuildPhase;
			buildActionMask = 2147483647;
			files = (
				CFB81FD38F22C9650186882D /* Pods_Goal_Tracker.framework in Frameworks */,
			);
			runOnlyForDeploymentPostprocessing = 0;
		};
/* End PBXFrameworksBuildPhase section */

/* Begin PBXGroup section */
		782B22C50CAD2FEA3DBD6DD3 /* Pods */ = {
			isa = PBXGroup;
			children = (
				49D246933473469A2A7A2214 /* Pods-Goal Tracker.debug.xcconfig */,
				653C89479FB98FC8CED3840D /* Pods-Goal Tracker.release.xcconfig */,
			);
			name = Pods;
			sourceTree = "<group>";
		};
		925835499855DDB1832BFB49 /* Frameworks */ = {
			isa = PBXGroup;
			children = (
				F9AC15354E1E3365E9BCF94D /* Pods_Goal_Tracker.framework */,
			);
			name = Frameworks;
			sourceTree = "<group>";
		};
		CD6F03B52038D068008422B9 = {
			isa = PBXGroup;
			children = (
				CD6F03C02038D069008422B9 /* Goal Tracker */,
				CD6F03BF2038D069008422B9 /* Products */,
				782B22C50CAD2FEA3DBD6DD3 /* Pods */,
				925835499855DDB1832BFB49 /* Frameworks */,
			);
			sourceTree = "<group>";
		};
		CD6F03BF2038D069008422B9 /* Products */ = {
			isa = PBXGroup;
			children = (
				CD6F03BE2038D069008422B9 /* Goal Tracker.app */,
			);
			name = Products;
			sourceTree = "<group>";
		};
		CD6F03C02038D069008422B9 /* Goal Tracker */ = {
			isa = PBXGroup;
			children = (
				CD9F39FC203E927400C4FF21 /* Settings */,
				CD9F39F6203AB59F00C4FF21 /* GoogleService-Info.plist */,
				CDD970FB203A9AEC00C951A5 /* 0 Sign In */,
				CDD970FC203A9B5C00C951A5 /* 1 Goal List */,
				CDD970EE2038DD0B00C951A5 /* Services */,
				CDD970EB2038DC9600C951A5 /* Models */,
				CDD970E12038D4B100C951A5 /* Resources */,
				CDD970DF2038D49900C951A5 /* Storyboard */,
				CD6F03CF2038D069008422B9 /* Info.plist */,
			);
			path = "Goal Tracker";
			sourceTree = "<group>";
		};
		CD9F39FC203E927400C4FF21 /* Settings */ = {
			isa = PBXGroup;
			children = (
				CD9F39FD203E92D300C4FF21 /* SettingsTableViewController.swift */,
				CD9F39F8203BCCAE00C4FF21 /* SettingsViewController.swift */,
			);
			path = Settings;
			sourceTree = "<group>";
		};
		CDD970DF2038D49900C951A5 /* Storyboard */ = {
			isa = PBXGroup;
			children = (
				CD6F03CC2038D069008422B9 /* LaunchScreen.storyboard */,
				CD6F03C72038D069008422B9 /* Main.storyboard */,
			);
			path = Storyboard;
			sourceTree = "<group>";
		};
		CDD970E12038D4B100C951A5 /* Resources */ = {
			isa = PBXGroup;
			children = (
				CDD970F5203A8E7700C951A5 /* Utilities.swift */,
				CDD970F3203A5FFF00C951A5 /* AlertViewController.swift */,
				CD6F03C12038D069008422B9 /* AppDelegate.swift */,
				CD6F03CA2038D069008422B9 /* Assets.xcassets */,
			);
			path = Resources;
			sourceTree = "<group>";
		};
		CDD970EB2038DC9600C951A5 /* Models */ = {
			isa = PBXGroup;
			children = (
				CDD970E92038DA6800C951A5 /* Goal.swift */,
			);
			path = Models;
			sourceTree = "<group>";
		};
		CDD970EE2038DD0B00C951A5 /* Services */ = {
			isa = PBXGroup;
			children = (
				CDD970F9203A96BD00C951A5 /* AuthenticationService.swift */,
				CDD970EF2038DD4400C951A5 /* GoalService.swift */,
			);
			path = Services;
			sourceTree = "<group>";
		};
		CDD970FB203A9AEC00C951A5 /* 0 Sign In */ = {
			isa = PBXGroup;
			children = (
				CDD970F7203A94FE00C951A5 /* SignInViewController.swift */,
				CD9F39FF203E9AE100C4FF21 /* SignUpViewController.swift */,
			);
			path = "0 Sign In";
			sourceTree = "<group>";
		};
		CDD970FC203A9B5C00C951A5 /* 1 Goal List */ = {
			isa = PBXGroup;
			children = (
				CDD970F1203A42E300C951A5 /* CreateGoalViewController.swift */,
				CDD970E72038D9AC00C951A5 /* GoalTableViewController.swift */,
				CD9F39FA203C007900C4FF21 /* RefreshView.xib */,
			);
			path = "1 Goal List";
			sourceTree = "<group>";
		};
/* End PBXGroup section */

/* Begin PBXNativeTarget section */
		CD6F03BD2038D069008422B9 /* Goal Tracker */ = {
			isa = PBXNativeTarget;
			buildConfigurationList = CD6F03D22038D069008422B9 /* Build configuration list for PBXNativeTarget "Goal Tracker" */;
			buildPhases = (
				951E1CF4954A7F931B1BD004 /* [CP] Check Pods Manifest.lock */,
				CD6F03BA2038D069008422B9 /* Sources */,
				CD6F03BB2038D069008422B9 /* Frameworks */,
				CD6F03BC2038D069008422B9 /* Resources */,
				883177F0D11213355BBF1813 /* [CP] Embed Pods Frameworks */,
				AF11B3A379BB4EAFB96D96E8 /* [CP] Copy Pods Resources */,
			);
			buildRules = (
			);
			dependencies = (
			);
			name = "Goal Tracker";
			productName = "Goal Tracker";
			productReference = CD6F03BE2038D069008422B9 /* Goal Tracker.app */;
			productType = "com.apple.product-type.application";
		};
/* End PBXNativeTarget section */

/* Begin PBXProject section */
		CD6F03B62038D068008422B9 /* Project object */ = {
			isa = PBXProject;
			attributes = {
				LastSwiftUpdateCheck = 0920;
				LastUpgradeCheck = 0920;
				ORGANIZATIONNAME = "Deborah Newberry";
				TargetAttributes = {
					CD6F03BD2038D069008422B9 = {
						CreatedOnToolsVersion = 9.2;
						ProvisioningStyle = Automatic;
					};
				};
			};
			buildConfigurationList = CD6F03B92038D068008422B9 /* Build configuration list for PBXProject "Goal Tracker" */;
			compatibilityVersion = "Xcode 8.0";
			developmentRegion = en;
			hasScannedForEncodings = 0;
			knownRegions = (
				en,
				Base,
			);
			mainGroup = CD6F03B52038D068008422B9;
			productRefGroup = CD6F03BF2038D069008422B9 /* Products */;
			projectDirPath = "";
			projectRoot = "";
			targets = (
				CD6F03BD2038D069008422B9 /* Goal Tracker */,
			);
		};
/* End PBXProject section */

/* Begin PBXResourcesBuildPhase section */
		CD6F03BC2038D069008422B9 /* Resources */ = {
			isa = PBXResourcesBuildPhase;
			buildActionMask = 2147483647;
			files = (
				CD6F03CE2038D069008422B9 /* LaunchScreen.storyboard in Resources */,
				CD9F39F7203AB59F00C4FF21 /* GoogleService-Info.plist in Resources */,
				CD6F03CB2038D069008422B9 /* Assets.xcassets in Resources */,
				CD6F03C92038D069008422B9 /* Main.storyboard in Resources */,
				CD9F39FB203C007900C4FF21 /* RefreshView.xib in Resources */,
			);
			runOnlyForDeploymentPostprocessing = 0;
		};
/* End PBXResourcesBuildPhase section */

/* Begin PBXShellScriptBuildPhase section */
		883177F0D11213355BBF1813 /* [CP] Embed Pods Frameworks */ = {
			isa = PBXShellScriptBuildPhase;
			buildActionMask = 2147483647;
			files = (
			);
			inputPaths = (
				"${SRCROOT}/Pods/Target Support Files/Pods-Goal Tracker/Pods-Goal Tracker-frameworks.sh",
				"${BUILT_PRODUCTS_DIR}/BoringSSL/openssl.framework",
				"${BUILT_PRODUCTS_DIR}/GTMSessionFetcher/GTMSessionFetcher.framework",
				"${BUILT_PRODUCTS_DIR}/GoogleToolboxForMac/GoogleToolboxForMac.framework",
				"${BUILT_PRODUCTS_DIR}/IQKeyboardManagerSwift/IQKeyboardManagerSwift.framework",
				"${BUILT_PRODUCTS_DIR}/Protobuf/Protobuf.framework",
				"${BUILT_PRODUCTS_DIR}/gRPC/GRPCClient.framework",
				"${BUILT_PRODUCTS_DIR}/gRPC-Core/grpc.framework",
				"${BUILT_PRODUCTS_DIR}/gRPC-ProtoRPC/ProtoRPC.framework",
				"${BUILT_PRODUCTS_DIR}/gRPC-RxLibrary/RxLibrary.framework",
				"${BUILT_PRODUCTS_DIR}/leveldb-library/leveldb.framework",
				"${BUILT_PRODUCTS_DIR}/nanopb/nanopb.framework",
			);
			name = "[CP] Embed Pods Frameworks";
			outputPaths = (
				"${TARGET_BUILD_DIR}/${FRAMEWORKS_FOLDER_PATH}/openssl.framework",
				"${TARGET_BUILD_DIR}/${FRAMEWORKS_FOLDER_PATH}/GTMSessionFetcher.framework",
				"${TARGET_BUILD_DIR}/${FRAMEWORKS_FOLDER_PATH}/GoogleToolboxForMac.framework",
				"${TARGET_BUILD_DIR}/${FRAMEWORKS_FOLDER_PATH}/IQKeyboardManagerSwift.framework",
				"${TARGET_BUILD_DIR}/${FRAMEWORKS_FOLDER_PATH}/Protobuf.framework",
				"${TARGET_BUILD_DIR}/${FRAMEWORKS_FOLDER_PATH}/GRPCClient.framework",
				"${TARGET_BUILD_DIR}/${FRAMEWORKS_FOLDER_PATH}/grpc.framework",
				"${TARGET_BUILD_DIR}/${FRAMEWORKS_FOLDER_PATH}/ProtoRPC.framework",
				"${TARGET_BUILD_DIR}/${FRAMEWORKS_FOLDER_PATH}/RxLibrary.framework",
				"${TARGET_BUILD_DIR}/${FRAMEWORKS_FOLDER_PATH}/leveldb.framework",
				"${TARGET_BUILD_DIR}/${FRAMEWORKS_FOLDER_PATH}/nanopb.framework",
			);
			runOnlyForDeploymentPostprocessing = 0;
			shellPath = /bin/sh;
			shellScript = "\"${SRCROOT}/Pods/Target Support Files/Pods-Goal Tracker/Pods-Goal Tracker-frameworks.sh\"\n";
			showEnvVarsInLog = 0;
		};
		951E1CF4954A7F931B1BD004 /* [CP] Check Pods Manifest.lock */ = {
			isa = PBXShellScriptBuildPhase;
			buildActionMask = 2147483647;
			files = (
			);
			inputPaths = (
				"${PODS_PODFILE_DIR_PATH}/Podfile.lock",
				"${PODS_ROOT}/Manifest.lock",
			);
			name = "[CP] Check Pods Manifest.lock";
			outputPaths = (
				"$(DERIVED_FILE_DIR)/Pods-Goal Tracker-checkManifestLockResult.txt",
			);
			runOnlyForDeploymentPostprocessing = 0;
			shellPath = /bin/sh;
			shellScript = "diff \"${PODS_PODFILE_DIR_PATH}/Podfile.lock\" \"${PODS_ROOT}/Manifest.lock\" > /dev/null\nif [ $? != 0 ] ; then\n    # print error to STDERR\n    echo \"error: The sandbox is not in sync with the Podfile.lock. Run 'pod install' or update your CocoaPods installation.\" >&2\n    exit 1\nfi\n# This output is used by Xcode 'outputs' to avoid re-running this script phase.\necho \"SUCCESS\" > \"${SCRIPT_OUTPUT_FILE_0}\"\n";
			showEnvVarsInLog = 0;
		};
		AF11B3A379BB4EAFB96D96E8 /* [CP] Copy Pods Resources */ = {
			isa = PBXShellScriptBuildPhase;
			buildActionMask = 2147483647;
			files = (
			);
			inputPaths = (
				"${SRCROOT}/Pods/Target Support Files/Pods-Goal Tracker/Pods-Goal Tracker-resources.sh",
				"${PODS_CONFIGURATION_BUILD_DIR}/gRPC/gRPCCertificates.bundle",
			);
			name = "[CP] Copy Pods Resources";
			outputPaths = (
				"${TARGET_BUILD_DIR}/${UNLOCALIZED_RESOURCES_FOLDER_PATH}/gRPCCertificates.bundle",
			);
			runOnlyForDeploymentPostprocessing = 0;
			shellPath = /bin/sh;
			shellScript = "\"${SRCROOT}/Pods/Target Support Files/Pods-Goal Tracker/Pods-Goal Tracker-resources.sh\"\n";
			showEnvVarsInLog = 0;
		};
/* End PBXShellScriptBuildPhase section */

/* Begin PBXSourcesBuildPhase section */
		CD6F03BA2038D069008422B9 /* Sources */ = {
			isa = PBXSourcesBuildPhase;
			buildActionMask = 2147483647;
			files = (
				CDD970F2203A42E300C951A5 /* CreateGoalViewController.swift in Sources */,
				CDD970F4203A5FFF00C951A5 /* AlertViewController.swift in Sources */,
				CDD970F6203A8E7700C951A5 /* Utilities.swift in Sources */,
				CD9F39FE203E92D300C4FF21 /* SettingsTableViewController.swift in Sources */,
				CD9F39F9203BCCAE00C4FF21 /* SettingsViewController.swift in Sources */,
				CDD970F02038DD4400C951A5 /* GoalService.swift in Sources */,
				CD9F3A00203E9AE100C4FF21 /* SignUpViewController.swift in Sources */,
				CDD970FA203A96BD00C951A5 /* AuthenticationService.swift in Sources */,
				CDD970F8203A94FF00C951A5 /* SignInViewController.swift in Sources */,
				CD6F03C22038D069008422B9 /* AppDelegate.swift in Sources */,
				CDD970E82038D9AC00C951A5 /* GoalTableViewController.swift in Sources */,
				CDD970EA2038DA6800C951A5 /* Goal.swift in Sources */,
			);
			runOnlyForDeploymentPostprocessing = 0;
		};
/* End PBXSourcesBuildPhase section */

/* Begin PBXVariantGroup section */
		CD6F03C72038D069008422B9 /* Main.storyboard */ = {
			isa = PBXVariantGroup;
			children = (
				CD6F03C82038D069008422B9 /* Base */,
			);
			name = Main.storyboard;
			sourceTree = "<group>";
		};
		CD6F03CC2038D069008422B9 /* LaunchScreen.storyboard */ = {
			isa = PBXVariantGroup;
			children = (
				CD6F03CD2038D069008422B9 /* Base */,
			);
			name = LaunchScreen.storyboard;
			sourceTree = "<group>";
		};
/* End PBXVariantGroup section */

/* Begin XCBuildConfiguration section */
		CD6F03D02038D069008422B9 /* Debug */ = {
			isa = XCBuildConfiguration;
			buildSettings = {
				ALWAYS_SEARCH_USER_PATHS = NO;
				CLANG_ANALYZER_NONNULL = YES;
				CLANG_ANALYZER_NUMBER_OBJECT_CONVERSION = YES_AGGRESSIVE;
				CLANG_CXX_LANGUAGE_STANDARD = "gnu++14";
				CLANG_CXX_LIBRARY = "libc++";
				CLANG_ENABLE_MODULES = YES;
				CLANG_ENABLE_OBJC_ARC = YES;
				CLANG_WARN_BLOCK_CAPTURE_AUTORELEASING = YES;
				CLANG_WARN_BOOL_CONVERSION = YES;
				CLANG_WARN_COMMA = YES;
				CLANG_WARN_CONSTANT_CONVERSION = YES;
				CLANG_WARN_DIRECT_OBJC_ISA_USAGE = YES_ERROR;
				CLANG_WARN_DOCUMENTATION_COMMENTS = YES;
				CLANG_WARN_EMPTY_BODY = YES;
				CLANG_WARN_ENUM_CONVERSION = YES;
				CLANG_WARN_INFINITE_RECURSION = YES;
				CLANG_WARN_INT_CONVERSION = YES;
				CLANG_WARN_NON_LITERAL_NULL_CONVERSION = YES;
				CLANG_WARN_OBJC_LITERAL_CONVERSION = YES;
				CLANG_WARN_OBJC_ROOT_CLASS = YES_ERROR;
				CLANG_WARN_RANGE_LOOP_ANALYSIS = YES;
				CLANG_WARN_STRICT_PROTOTYPES = YES;
				CLANG_WARN_SUSPICIOUS_MOVE = YES;
				CLANG_WARN_UNGUARDED_AVAILABILITY = YES_AGGRESSIVE;
				CLANG_WARN_UNREACHABLE_CODE = YES;
				CLANG_WARN__DUPLICATE_METHOD_MATCH = YES;
				CODE_SIGN_IDENTITY = "iPhone Developer";
				COPY_PHASE_STRIP = NO;
				DEBUG_INFORMATION_FORMAT = dwarf;
				ENABLE_STRICT_OBJC_MSGSEND = YES;
				ENABLE_TESTABILITY = YES;
				GCC_C_LANGUAGE_STANDARD = gnu11;
				GCC_DYNAMIC_NO_PIC = NO;
				GCC_NO_COMMON_BLOCKS = YES;
				GCC_OPTIMIZATION_LEVEL = 0;
				GCC_PREPROCESSOR_DEFINITIONS = (
					"DEBUG=1",
					"$(inherited)",
				);
				GCC_WARN_64_TO_32_BIT_CONVERSION = YES;
				GCC_WARN_ABOUT_RETURN_TYPE = YES_ERROR;
				GCC_WARN_UNDECLARED_SELECTOR = YES;
				GCC_WARN_UNINITIALIZED_AUTOS = YES_AGGRESSIVE;
				GCC_WARN_UNUSED_FUNCTION = YES;
				GCC_WARN_UNUSED_VARIABLE = YES;
				IPHONEOS_DEPLOYMENT_TARGET = 11.2;
				MTL_ENABLE_DEBUG_INFO = YES;
				ONLY_ACTIVE_ARCH = YES;
				SDKROOT = iphoneos;
				SWIFT_ACTIVE_COMPILATION_CONDITIONS = DEBUG;
				SWIFT_OPTIMIZATION_LEVEL = "-Onone";
			};
			name = Debug;
		};
		CD6F03D12038D069008422B9 /* Release */ = {
			isa = XCBuildConfiguration;
			buildSettings = {
				ALWAYS_SEARCH_USER_PATHS = NO;
				CLANG_ANALYZER_NONNULL = YES;
				CLANG_ANALYZER_NUMBER_OBJECT_CONVERSION = YES_AGGRESSIVE;
				CLANG_CXX_LANGUAGE_STANDARD = "gnu++14";
				CLANG_CXX_LIBRARY = "libc++";
				CLANG_ENABLE_MODULES = YES;
				CLANG_ENABLE_OBJC_ARC = YES;
				CLANG_WARN_BLOCK_CAPTURE_AUTORELEASING = YES;
				CLANG_WARN_BOOL_CONVERSION = YES;
				CLANG_WARN_COMMA = YES;
				CLANG_WARN_CONSTANT_CONVERSION = YES;
				CLANG_WARN_DIRECT_OBJC_ISA_USAGE = YES_ERROR;
				CLANG_WARN_DOCUMENTATION_COMMENTS = YES;
				CLANG_WARN_EMPTY_BODY = YES;
				CLANG_WARN_ENUM_CONVERSION = YES;
				CLANG_WARN_INFINITE_RECURSION = YES;
				CLANG_WARN_INT_CONVERSION = YES;
				CLANG_WARN_NON_LITERAL_NULL_CONVERSION = YES;
				CLANG_WARN_OBJC_LITERAL_CONVERSION = YES;
				CLANG_WARN_OBJC_ROOT_CLASS = YES_ERROR;
				CLANG_WARN_RANGE_LOOP_ANALYSIS = YES;
				CLANG_WARN_STRICT_PROTOTYPES = YES;
				CLANG_WARN_SUSPICIOUS_MOVE = YES;
				CLANG_WARN_UNGUARDED_AVAILABILITY = YES_AGGRESSIVE;
				CLANG_WARN_UNREACHABLE_CODE = YES;
				CLANG_WARN__DUPLICATE_METHOD_MATCH = YES;
				CODE_SIGN_IDENTITY = "iPhone Developer";
				COPY_PHASE_STRIP = NO;
				DEBUG_INFORMATION_FORMAT = "dwarf-with-dsym";
				ENABLE_NS_ASSERTIONS = NO;
				ENABLE_STRICT_OBJC_MSGSEND = YES;
				GCC_C_LANGUAGE_STANDARD = gnu11;
				GCC_NO_COMMON_BLOCKS = YES;
				GCC_WARN_64_TO_32_BIT_CONVERSION = YES;
				GCC_WARN_ABOUT_RETURN_TYPE = YES_ERROR;
				GCC_WARN_UNDECLARED_SELECTOR = YES;
				GCC_WARN_UNINITIALIZED_AUTOS = YES_AGGRESSIVE;
				GCC_WARN_UNUSED_FUNCTION = YES;
				GCC_WARN_UNUSED_VARIABLE = YES;
				IPHONEOS_DEPLOYMENT_TARGET = 11.2;
				MTL_ENABLE_DEBUG_INFO = NO;
				SDKROOT = iphoneos;
				SWIFT_OPTIMIZATION_LEVEL = "-Owholemodule";
				VALIDATE_PRODUCT = YES;
			};
			name = Release;
		};
		CD6F03D32038D069008422B9 /* Debug */ = {
			isa = XCBuildConfiguration;
			baseConfigurationReference = 49D246933473469A2A7A2214 /* Pods-Goal Tracker.debug.xcconfig */;
			buildSettings = {
				ASSETCATALOG_COMPILER_APPICON_NAME = AppIcon;
				CODE_SIGN_STYLE = Automatic;
				DEVELOPMENT_TEAM = KP537WFKBH;
				INFOPLIST_FILE = "Goal Tracker/Info.plist";
				LD_RUNPATH_SEARCH_PATHS = "$(inherited) @executable_path/Frameworks";
				PRODUCT_BUNDLE_IDENTIFIER = "com.dnewberr.Goal-Tracker";
				PRODUCT_NAME = "$(TARGET_NAME)";
				SWIFT_VERSION = 4.0;
				TARGETED_DEVICE_FAMILY = "1,2";
			};
			name = Debug;
		};
		CD6F03D42038D069008422B9 /* Release */ = {
			isa = XCBuildConfiguration;
			baseConfigurationReference = 653C89479FB98FC8CED3840D /* Pods-Goal Tracker.release.xcconfig */;
			buildSettings = {
				ASSETCATALOG_COMPILER_APPICON_NAME = AppIcon;
				CODE_SIGN_STYLE = Automatic;
				DEVELOPMENT_TEAM = KP537WFKBH;
				INFOPLIST_FILE = "Goal Tracker/Info.plist";
				LD_RUNPATH_SEARCH_PATHS = "$(inherited) @executable_path/Frameworks";
				PRODUCT_BUNDLE_IDENTIFIER = "com.dnewberr.Goal-Tracker";
				PRODUCT_NAME = "$(TARGET_NAME)";
				SWIFT_VERSION = 4.0;
				TARGETED_DEVICE_FAMILY = "1,2";
			};
			name = Release;
		};
/* End XCBuildConfiguration section */

/* Begin XCConfigurationList section */
		CD6F03B92038D068008422B9 /* Build configuration list for PBXProject "Goal Tracker" */ = {
			isa = XCConfigurationList;
			buildConfigurations = (
				CD6F03D02038D069008422B9 /* Debug */,
				CD6F03D12038D069008422B9 /* Release */,
			);
			defaultConfigurationIsVisible = 0;
			defaultConfigurationName = Release;
		};
		CD6F03D22038D069008422B9 /* Build configuration list for PBXNativeTarget "Goal Tracker" */ = {
			isa = XCConfigurationList;
			buildConfigurations = (
				CD6F03D32038D069008422B9 /* Debug */,
				CD6F03D42038D069008422B9 /* Release */,
			);
			defaultConfigurationIsVisible = 0;
			defaultConfigurationName = Release;
		};
/* End XCConfigurationList section */
	};
	rootObject = CD6F03B62038D068008422B9 /* Project object */;
}
